# This file was autogenerated by Stack.
# You should not edit this file by hand.
# For more information, please see the documentation at:
#   https://docs.haskellstack.org/en/stable/lock_files

packages:
- completed:
    hackage: cimple-0.0.7@sha256:49ea11ed0065138791e52bf49dc6253ee49e52655f55c8dad6fddbb98a4554c5,2831
    pantry-tree:
      size: 1724
      sha256: 0e4cf762d7a6d2d6ef598ad16bcf02da15065be80c3db8078c2d6406a028bdb8
  original:
    hackage: cimple-0.0.7
snapshots:
- completed:
    size: 586296
    url: https://raw.githubusercontent.com/commercialhaskell/stackage-snapshots/master/lts/18/18.yaml
    sha256: 63539429076b7ebbab6daa7656cfb079393bf644971156dc349d7c0453694ac2
  original: lts-18.18
