# This file was autogenerated by Stack.
# You should not edit this file by hand.
# For more information, please see the documentation at:
#   https://docs.haskellstack.org/en/stable/lock_files

packages:
- completed:
    hackage: cimple-0.0.5@sha256:886c42213892c44239ee935402aa381592de25dcb9e1a837a91a0fbbfa5a6c94,2667
    pantry-tree:
      size: 1585
      sha256: e4aefb74638b660a044b37aeb0eb9236db0398fa0c6efe1a851f90434fbb5579
  original:
    hackage: cimple-0.0.5
snapshots:
- completed:
    size: 586296
    url: https://raw.githubusercontent.com/commercialhaskell/stackage-snapshots/master/lts/18/18.yaml
    sha256: 63539429076b7ebbab6daa7656cfb079393bf644971156dc349d7c0453694ac2
  original: lts-18.18
